{
    "name": "i18next-vue",
    "version": "2.0.0-beta.4",
    "lockfileVersion": 2,
    "requires": true,
    "packages": {
        "": {
            "name": "i18next-vue",
            "version": "2.0.0-beta.4",
            "license": "MIT",
            "devDependencies": {
                "@babel/types": "^7.16.0",
                "typescript": "^4.1.3"
            },
            "peerDependencies": {
                "i18next": ">=19",
                "vue": "^3.2.31"
            }
        },
        "node_modules/@babel/helper-validator-identifier": {
            "version": "7.16.7",
            "resolved": "https://registry.npmjs.org/@babel/helper-validator-identifier/-/helper-validator-identifier-7.16.7.tgz",
            "integrity": "sha512-hsEnFemeiW4D08A5gUAZxLBTXpZ39P+a+DGDsHw1yxqyQ/jzFEnxf5uTEGp+3bzAbNOxU1paTgYS4ECU/IgfDw==",
            "dev": true,
            "engines": {
                "node": ">=6.9.0"
            }
        },
        "node_modules/@babel/parser": {
            "version": "7.17.3",
            "resolved": "https://registry.npmjs.org/@babel/parser/-/parser-7.17.3.tgz",
            "integrity": "sha512-7yJPvPV+ESz2IUTPbOL+YkIGyCqOyNIzdguKQuJGnH7bg1WTIifuM21YqokFt/THWh1AkCRn9IgoykTRCBVpzA==",
            "peer": true,
            "bin": {
                "parser": "bin/babel-parser.js"
            },
            "engines": {
                "node": ">=6.0.0"
            }
        },
        "node_modules/@babel/runtime": {
            "version": "7.17.2",
            "resolved": "https://registry.npmjs.org/@babel/runtime/-/runtime-7.17.2.tgz",
            "integrity": "sha512-hzeyJyMA1YGdJTuWU0e/j4wKXrU4OMFvY2MSlaI9B7VQb0r5cxTE3EAIS2Q7Tn2RIcDkRvTA/v2JsAEhxe99uw==",
            "peer": true,
            "dependencies": {
                "regenerator-runtime": "^0.13.4"
            },
            "engines": {
                "node": ">=6.9.0"
            }
        },
        "node_modules/@babel/types": {
            "version": "7.17.0",
            "resolved": "https://registry.npmjs.org/@babel/types/-/types-7.17.0.tgz",
            "integrity": "sha512-TmKSNO4D5rzhL5bjWFcVHHLETzfQ/AmbKpKPOSjlP0WoHZ6L911fgoOKY4Alp/emzG4cHJdyN49zpgkbXFEHHw==",
            "dev": true,
            "dependencies": {
                "@babel/helper-validator-identifier": "^7.16.7",
                "to-fast-properties": "^2.0.0"
            },
            "engines": {
                "node": ">=6.9.0"
            }
        },
        "node_modules/@vue/compiler-core": {
            "version": "3.2.31",
            "resolved": "https://registry.npmjs.org/@vue/compiler-core/-/compiler-core-3.2.31.tgz",
            "integrity": "sha512-aKno00qoA4o+V/kR6i/pE+aP+esng5siNAVQ422TkBNM6qA4veXiZbSe8OTXHXquEi/f6Akc+nLfB4JGfe4/WQ==",
            "peer": true,
            "dependencies": {
                "@babel/parser": "^7.16.4",
                "@vue/shared": "3.2.31",
                "estree-walker": "^2.0.2",
                "source-map": "^0.6.1"
            }
        },
        "node_modules/@vue/compiler-dom": {
            "version": "3.2.31",
            "resolved": "https://registry.npmjs.org/@vue/compiler-dom/-/compiler-dom-3.2.31.tgz",
            "integrity": "sha512-60zIlFfzIDf3u91cqfqy9KhCKIJgPeqxgveH2L+87RcGU/alT6BRrk5JtUso0OibH3O7NXuNOQ0cDc9beT0wrg==",
            "peer": true,
            "dependencies": {
                "@vue/compiler-core": "3.2.31",
                "@vue/shared": "3.2.31"
            }
        },
        "node_modules/@vue/compiler-sfc": {
            "version": "3.2.31",
            "resolved": "https://registry.npmjs.org/@vue/compiler-sfc/-/compiler-sfc-3.2.31.tgz",
            "integrity": "sha512-748adc9msSPGzXgibHiO6T7RWgfnDcVQD+VVwYgSsyyY8Ans64tALHZANrKtOzvkwznV/F4H7OAod/jIlp/dkQ==",
            "peer": true,
            "dependencies": {
                "@babel/parser": "^7.16.4",
                "@vue/compiler-core": "3.2.31",
                "@vue/compiler-dom": "3.2.31",
                "@vue/compiler-ssr": "3.2.31",
                "@vue/reactivity-transform": "3.2.31",
                "@vue/shared": "3.2.31",
                "estree-walker": "^2.0.2",
                "magic-string": "^0.25.7",
                "postcss": "^8.1.10",
                "source-map": "^0.6.1"
            }
        },
        "node_modules/@vue/compiler-ssr": {
            "version": "3.2.31",
            "resolved": "https://registry.npmjs.org/@vue/compiler-ssr/-/compiler-ssr-3.2.31.tgz",
            "integrity": "sha512-mjN0rqig+A8TVDnsGPYJM5dpbjlXeHUm2oZHZwGyMYiGT/F4fhJf/cXy8QpjnLQK4Y9Et4GWzHn9PS8AHUnSkw==",
            "peer": true,
            "dependencies": {
                "@vue/compiler-dom": "3.2.31",
                "@vue/shared": "3.2.31"
            }
        },
        "node_modules/@vue/reactivity": {
            "version": "3.2.31",
            "resolved": "https://registry.npmjs.org/@vue/reactivity/-/reactivity-3.2.31.tgz",
            "integrity": "sha512-HVr0l211gbhpEKYr2hYe7hRsV91uIVGFYNHj73njbARVGHQvIojkImKMaZNDdoDZOIkMsBc9a1sMqR+WZwfSCw==",
            "peer": true,
            "dependencies": {
                "@vue/shared": "3.2.31"
            }
        },
        "node_modules/@vue/reactivity-transform": {
            "version": "3.2.31",
            "resolved": "https://registry.npmjs.org/@vue/reactivity-transform/-/reactivity-transform-3.2.31.tgz",
            "integrity": "sha512-uS4l4z/W7wXdI+Va5pgVxBJ345wyGFKvpPYtdSgvfJfX/x2Ymm6ophQlXXB6acqGHtXuBqNyyO3zVp9b1r0MOA==",
            "peer": true,
            "dependencies": {
                "@babel/parser": "^7.16.4",
                "@vue/compiler-core": "3.2.31",
                "@vue/shared": "3.2.31",
                "estree-walker": "^2.0.2",
                "magic-string": "^0.25.7"
            }
        },
        "node_modules/@vue/runtime-core": {
            "version": "3.2.31",
            "resolved": "https://registry.npmjs.org/@vue/runtime-core/-/runtime-core-3.2.31.tgz",
            "integrity": "sha512-Kcog5XmSY7VHFEMuk4+Gap8gUssYMZ2+w+cmGI6OpZWYOEIcbE0TPzzPHi+8XTzAgx1w/ZxDFcXhZeXN5eKWsA==",
            "peer": true,
            "dependencies": {
                "@vue/reactivity": "3.2.31",
                "@vue/shared": "3.2.31"
            }
        },
        "node_modules/@vue/runtime-dom": {
            "version": "3.2.31",
            "resolved": "https://registry.npmjs.org/@vue/runtime-dom/-/runtime-dom-3.2.31.tgz",
            "integrity": "sha512-N+o0sICVLScUjfLG7u9u5XCjvmsexAiPt17GNnaWHJUfsKed5e85/A3SWgKxzlxx2SW/Hw7RQxzxbXez9PtY3g==",
            "peer": true,
            "dependencies": {
                "@vue/runtime-core": "3.2.31",
                "@vue/shared": "3.2.31",
                "csstype": "^2.6.8"
            }
        },
        "node_modules/@vue/server-renderer": {
            "version": "3.2.31",
            "resolved": "https://registry.npmjs.org/@vue/server-renderer/-/server-renderer-3.2.31.tgz",
            "integrity": "sha512-8CN3Zj2HyR2LQQBHZ61HexF5NReqngLT3oahyiVRfSSvak+oAvVmu8iNLSu6XR77Ili2AOpnAt1y8ywjjqtmkg==",
            "peer": true,
            "dependencies": {
                "@vue/compiler-ssr": "3.2.31",
                "@vue/shared": "3.2.31"
            },
            "peerDependencies": {
                "vue": "3.2.31"
            }
        },
        "node_modules/@vue/shared": {
            "version": "3.2.31",
            "resolved": "https://registry.npmjs.org/@vue/shared/-/shared-3.2.31.tgz",
            "integrity": "sha512-ymN2pj6zEjiKJZbrf98UM2pfDd6F2H7ksKw7NDt/ZZ1fh5Ei39X5tABugtT03ZRlWd9imccoK0hE8hpjpU7irQ==",
            "peer": true
        },
        "node_modules/csstype": {
            "version": "2.6.20",
            "resolved": "https://registry.npmjs.org/csstype/-/csstype-2.6.20.tgz",
            "integrity": "sha512-/WwNkdXfckNgw6S5R125rrW8ez139lBHWouiBvX8dfMFtcn6V81REDqnH7+CRpRipfYlyU1CmOnOxrmGcFOjeA==",
            "peer": true
        },
        "node_modules/estree-walker": {
            "version": "2.0.2",
            "resolved": "https://registry.npmjs.org/estree-walker/-/estree-walker-2.0.2.tgz",
            "integrity": "sha512-Rfkk/Mp/DL7JVje3u18FxFujQlTNR2q6QfMSMB7AvCBx91NGj/ba3kCfza0f6dVDbw7YlRf/nDrn7pQrCCyQ/w==",
            "peer": true
        },
        "node_modules/i18next": {
            "version": "21.6.14",
            "resolved": "https://registry.npmjs.org/i18next/-/i18next-21.6.14.tgz",
            "integrity": "sha512-XL6WyD+xlwQwbieXRlXhKWoLb/rkch50/rA+vl6untHnJ+aYnkQ0YDZciTWE78PPhOpbi2gR0LTJCJpiAhA+uQ==",
            "funding": [
                {
                    "type": "individual",
                    "url": "https://locize.com"
                },
                {
                    "type": "individual",
                    "url": "https://locize.com/i18next.html"
                },
                {
                    "type": "individual",
                    "url": "https://www.i18next.com/how-to/faq#i18next-is-awesome.-how-can-i-support-the-project"
                }
            ],
            "peer": true,
            "dependencies": {
                "@babel/runtime": "^7.17.2"
            }
        },
        "node_modules/magic-string": {
            "version": "0.25.9",
            "resolved": "https://registry.npmjs.org/magic-string/-/magic-string-0.25.9.tgz",
            "integrity": "sha512-RmF0AsMzgt25qzqqLc1+MbHmhdx0ojF2Fvs4XnOqz2ZOBXzzkEwc/dJQZCYHAn7v1jbVOjAZfK8msRn4BxO4VQ==",
            "peer": true,
            "dependencies": {
                "sourcemap-codec": "^1.4.8"
            }
        },
        "node_modules/nanoid": {
            "version": "3.3.1",
            "resolved": "https://registry.npmjs.org/nanoid/-/nanoid-3.3.1.tgz",
            "integrity": "sha512-n6Vs/3KGyxPQd6uO0eH4Bv0ojGSUvuLlIHtC3Y0kEO23YRge8H9x1GCzLn28YX0H66pMkxuaeESFq4tKISKwdw==",
            "peer": true,
            "bin": {
                "nanoid": "bin/nanoid.cjs"
            },
            "engines": {
                "node": "^10 || ^12 || ^13.7 || ^14 || >=15.0.1"
            }
        },
        "node_modules/picocolors": {
            "version": "1.0.0",
            "resolved": "https://registry.npmjs.org/picocolors/-/picocolors-1.0.0.tgz",
            "integrity": "sha512-1fygroTLlHu66zi26VoTDv8yRgm0Fccecssto+MhsZ0D/DGW2sm8E8AjW7NU5VVTRt5GxbeZ5qBuJr+HyLYkjQ==",
            "peer": true
        },
        "node_modules/postcss": {
            "version": "8.4.8",
            "resolved": "https://registry.npmjs.org/postcss/-/postcss-8.4.8.tgz",
            "integrity": "sha512-2tXEqGxrjvAO6U+CJzDL2Fk2kPHTv1jQsYkSoMeOis2SsYaXRO2COxTdQp99cYvif9JTXaAk9lYGc3VhJt7JPQ==",
            "peer": true,
            "dependencies": {
                "nanoid": "^3.3.1",
                "picocolors": "^1.0.0",
                "source-map-js": "^1.0.2"
            },
            "engines": {
                "node": "^10 || ^12 || >=14"
            },
            "funding": {
                "type": "opencollective",
                "url": "https://opencollective.com/postcss/"
            }
        },
        "node_modules/regenerator-runtime": {
            "version": "0.13.9",
            "resolved": "https://registry.npmjs.org/regenerator-runtime/-/regenerator-runtime-0.13.9.tgz",
            "integrity": "sha512-p3VT+cOEgxFsRRA9X4lkI1E+k2/CtnKtU4gcxyaCUreilL/vqI6CdZ3wxVUx3UOUg+gnUOQQcRI7BmSI656MYA==",
            "peer": true
        },
        "node_modules/source-map": {
            "version": "0.6.1",
            "resolved": "https://registry.npmjs.org/source-map/-/source-map-0.6.1.tgz",
            "integrity": "sha512-UjgapumWlbMhkBgzT7Ykc5YXUT46F0iKu8SGXq0bcwP5dz/h0Plj6enJqjz1Zbq2l5WaqYnrVbwWOWMyF3F47g==",
            "peer": true,
            "engines": {
                "node": ">=0.10.0"
            }
        },
        "node_modules/source-map-js": {
            "version": "1.0.2",
            "resolved": "https://registry.npmjs.org/source-map-js/-/source-map-js-1.0.2.tgz",
            "integrity": "sha512-R0XvVJ9WusLiqTCEiGCmICCMplcCkIwwR11mOSD9CR5u+IXYdiseeEuXCVAjS54zqwkLcPNnmU4OeJ6tUrWhDw==",
            "peer": true,
            "engines": {
                "node": ">=0.10.0"
            }
        },
        "node_modules/sourcemap-codec": {
            "version": "1.4.8",
            "resolved": "https://registry.npmjs.org/sourcemap-codec/-/sourcemap-codec-1.4.8.tgz",
            "integrity": "sha512-9NykojV5Uih4lgo5So5dtw+f0JgJX30KCNI8gwhz2J9A15wD0Ml6tjHKwf6fTSa6fAdVBdZeNOs9eJ71qCk8vA==",
            "peer": true
        },
        "node_modules/to-fast-properties": {
            "version": "2.0.0",
            "resolved": "https://registry.npmjs.org/to-fast-properties/-/to-fast-properties-2.0.0.tgz",
            "integrity": "sha1-3F5pjL0HkmW8c+A3doGk5Og/YW4=",
            "dev": true,
            "engines": {
                "node": ">=4"
            }
        },
        "node_modules/typescript": {
            "version": "4.6.2",
            "resolved": "https://registry.npmjs.org/typescript/-/typescript-4.6.2.tgz",
            "integrity": "sha512-HM/hFigTBHZhLXshn9sN37H085+hQGeJHJ/X7LpBWLID/fbc2acUMfU+lGD98X81sKP+pFa9f0DZmCwB9GnbAg==",
            "dev": true,
            "bin": {
                "tsc": "bin/tsc",
                "tsserver": "bin/tsserver"
            },
            "engines": {
                "node": ">=4.2.0"
            }
        },
        "node_modules/vue": {
            "version": "3.2.31",
            "resolved": "https://registry.npmjs.org/vue/-/vue-3.2.31.tgz",
            "integrity": "sha512-odT3W2tcffTiQCy57nOT93INw1auq5lYLLYtWpPYQQYQOOdHiqFct9Xhna6GJ+pJQaF67yZABraH47oywkJgFw==",
            "peer": true,
            "dependencies": {
                "@vue/compiler-dom": "3.2.31",
                "@vue/compiler-sfc": "3.2.31",
                "@vue/runtime-dom": "3.2.31",
                "@vue/server-renderer": "3.2.31",
                "@vue/shared": "3.2.31"
            }
        }
    },
    "dependencies": {
        "@babel/helper-validator-identifier": {
            "version": "7.16.7",
            "resolved": "https://registry.npmjs.org/@babel/helper-validator-identifier/-/helper-validator-identifier-7.16.7.tgz",
            "integrity": "sha512-hsEnFemeiW4D08A5gUAZxLBTXpZ39P+a+DGDsHw1yxqyQ/jzFEnxf5uTEGp+3bzAbNOxU1paTgYS4ECU/IgfDw==",
            "dev": true
        },
        "@babel/parser": {
            "version": "7.17.3",
            "resolved": "https://registry.npmjs.org/@babel/parser/-/parser-7.17.3.tgz",
            "integrity": "sha512-7yJPvPV+ESz2IUTPbOL+YkIGyCqOyNIzdguKQuJGnH7bg1WTIifuM21YqokFt/THWh1AkCRn9IgoykTRCBVpzA==",
            "peer": true
        },
        "@babel/runtime": {
            "version": "7.17.2",
            "resolved": "https://registry.npmjs.org/@babel/runtime/-/runtime-7.17.2.tgz",
            "integrity": "sha512-hzeyJyMA1YGdJTuWU0e/j4wKXrU4OMFvY2MSlaI9B7VQb0r5cxTE3EAIS2Q7Tn2RIcDkRvTA/v2JsAEhxe99uw==",
            "peer": true,
            "requires": {
                "regenerator-runtime": "^0.13.4"
            }
        },
        "@babel/types": {
            "version": "7.17.0",
            "resolved": "https://registry.npmjs.org/@babel/types/-/types-7.17.0.tgz",
            "integrity": "sha512-TmKSNO4D5rzhL5bjWFcVHHLETzfQ/AmbKpKPOSjlP0WoHZ6L911fgoOKY4Alp/emzG4cHJdyN49zpgkbXFEHHw==",
            "dev": true,
            "requires": {
                "@babel/helper-validator-identifier": "^7.16.7",
                "to-fast-properties": "^2.0.0"
            }
        },
        "@vue/compiler-core": {
            "version": "3.2.31",
            "resolved": "https://registry.npmjs.org/@vue/compiler-core/-/compiler-core-3.2.31.tgz",
            "integrity": "sha512-aKno00qoA4o+V/kR6i/pE+aP+esng5siNAVQ422TkBNM6qA4veXiZbSe8OTXHXquEi/f6Akc+nLfB4JGfe4/WQ==",
            "peer": true,
            "requires": {
                "@babel/parser": "^7.16.4",
                "@vue/shared": "3.2.31",
                "estree-walker": "^2.0.2",
                "source-map": "^0.6.1"
            }
        },
        "@vue/compiler-dom": {
            "version": "3.2.31",
            "resolved": "https://registry.npmjs.org/@vue/compiler-dom/-/compiler-dom-3.2.31.tgz",
            "integrity": "sha512-60zIlFfzIDf3u91cqfqy9KhCKIJgPeqxgveH2L+87RcGU/alT6BRrk5JtUso0OibH3O7NXuNOQ0cDc9beT0wrg==",
            "peer": true,
            "requires": {
                "@vue/compiler-core": "3.2.31",
                "@vue/shared": "3.2.31"
            }
        },
        "@vue/compiler-sfc": {
            "version": "3.2.31",
            "resolved": "https://registry.npmjs.org/@vue/compiler-sfc/-/compiler-sfc-3.2.31.tgz",
            "integrity": "sha512-748adc9msSPGzXgibHiO6T7RWgfnDcVQD+VVwYgSsyyY8Ans64tALHZANrKtOzvkwznV/F4H7OAod/jIlp/dkQ==",
            "peer": true,
            "requires": {
                "@babel/parser": "^7.16.4",
                "@vue/compiler-core": "3.2.31",
                "@vue/compiler-dom": "3.2.31",
                "@vue/compiler-ssr": "3.2.31",
                "@vue/reactivity-transform": "3.2.31",
                "@vue/shared": "3.2.31",
                "estree-walker": "^2.0.2",
                "magic-string": "^0.25.7",
                "postcss": "^8.1.10",
                "source-map": "^0.6.1"
            }
        },
        "@vue/compiler-ssr": {
            "version": "3.2.31",
            "resolved": "https://registry.npmjs.org/@vue/compiler-ssr/-/compiler-ssr-3.2.31.tgz",
            "integrity": "sha512-mjN0rqig+A8TVDnsGPYJM5dpbjlXeHUm2oZHZwGyMYiGT/F4fhJf/cXy8QpjnLQK4Y9Et4GWzHn9PS8AHUnSkw==",
            "peer": true,
            "requires": {
                "@vue/compiler-dom": "3.2.31",
                "@vue/shared": "3.2.31"
            }
        },
        "@vue/reactivity": {
            "version": "3.2.31",
            "resolved": "https://registry.npmjs.org/@vue/reactivity/-/reactivity-3.2.31.tgz",
            "integrity": "sha512-HVr0l211gbhpEKYr2hYe7hRsV91uIVGFYNHj73njbARVGHQvIojkImKMaZNDdoDZOIkMsBc9a1sMqR+WZwfSCw==",
            "peer": true,
            "requires": {
                "@vue/shared": "3.2.31"
            }
        },
        "@vue/reactivity-transform": {
            "version": "3.2.31",
            "resolved": "https://registry.npmjs.org/@vue/reactivity-transform/-/reactivity-transform-3.2.31.tgz",
            "integrity": "sha512-uS4l4z/W7wXdI+Va5pgVxBJ345wyGFKvpPYtdSgvfJfX/x2Ymm6ophQlXXB6acqGHtXuBqNyyO3zVp9b1r0MOA==",
            "peer": true,
            "requires": {
                "@babel/parser": "^7.16.4",
                "@vue/compiler-core": "3.2.31",
                "@vue/shared": "3.2.31",
                "estree-walker": "^2.0.2",
                "magic-string": "^0.25.7"
            }
        },
        "@vue/runtime-core": {
            "version": "3.2.31",
            "resolved": "https://registry.npmjs.org/@vue/runtime-core/-/runtime-core-3.2.31.tgz",
            "integrity": "sha512-Kcog5XmSY7VHFEMuk4+Gap8gUssYMZ2+w+cmGI6OpZWYOEIcbE0TPzzPHi+8XTzAgx1w/ZxDFcXhZeXN5eKWsA==",
            "peer": true,
            "requires": {
                "@vue/reactivity": "3.2.31",
                "@vue/shared": "3.2.31"
            }
        },
        "@vue/runtime-dom": {
            "version": "3.2.31",
            "resolved": "https://registry.npmjs.org/@vue/runtime-dom/-/runtime-dom-3.2.31.tgz",
            "integrity": "sha512-N+o0sICVLScUjfLG7u9u5XCjvmsexAiPt17GNnaWHJUfsKed5e85/A3SWgKxzlxx2SW/Hw7RQxzxbXez9PtY3g==",
            "peer": true,
            "requires": {
                "@vue/runtime-core": "3.2.31",
                "@vue/shared": "3.2.31",
                "csstype": "^2.6.8"
            }
        },
        "@vue/server-renderer": {
            "version": "3.2.31",
            "resolved": "https://registry.npmjs.org/@vue/server-renderer/-/server-renderer-3.2.31.tgz",
            "integrity": "sha512-8CN3Zj2HyR2LQQBHZ61HexF5NReqngLT3oahyiVRfSSvak+oAvVmu8iNLSu6XR77Ili2AOpnAt1y8ywjjqtmkg==",
            "peer": true,
            "requires": {
                "@vue/compiler-ssr": "3.2.31",
                "@vue/shared": "3.2.31"
            }
        },
        "@vue/shared": {
            "version": "3.2.31",
            "resolved": "https://registry.npmjs.org/@vue/shared/-/shared-3.2.31.tgz",
            "integrity": "sha512-ymN2pj6zEjiKJZbrf98UM2pfDd6F2H7ksKw7NDt/ZZ1fh5Ei39X5tABugtT03ZRlWd9imccoK0hE8hpjpU7irQ==",
            "peer": true
        },
        "csstype": {
            "version": "2.6.20",
            "resolved": "https://registry.npmjs.org/csstype/-/csstype-2.6.20.tgz",
            "integrity": "sha512-/WwNkdXfckNgw6S5R125rrW8ez139lBHWouiBvX8dfMFtcn6V81REDqnH7+CRpRipfYlyU1CmOnOxrmGcFOjeA==",
            "peer": true
        },
        "estree-walker": {
            "version": "2.0.2",
            "resolved": "https://registry.npmjs.org/estree-walker/-/estree-walker-2.0.2.tgz",
            "integrity": "sha512-Rfkk/Mp/DL7JVje3u18FxFujQlTNR2q6QfMSMB7AvCBx91NGj/ba3kCfza0f6dVDbw7YlRf/nDrn7pQrCCyQ/w==",
            "peer": true
        },
        "i18next": {
            "version": "21.6.14",
            "resolved": "https://registry.npmjs.org/i18next/-/i18next-21.6.14.tgz",
            "integrity": "sha512-XL6WyD+xlwQwbieXRlXhKWoLb/rkch50/rA+vl6untHnJ+aYnkQ0YDZciTWE78PPhOpbi2gR0LTJCJpiAhA+uQ==",
            "peer": true,
            "requires": {
                "@babel/runtime": "^7.17.2"
            }
        },
        "magic-string": {
            "version": "0.25.9",
            "resolved": "https://registry.npmjs.org/magic-string/-/magic-string-0.25.9.tgz",
            "integrity": "sha512-RmF0AsMzgt25qzqqLc1+MbHmhdx0ojF2Fvs4XnOqz2ZOBXzzkEwc/dJQZCYHAn7v1jbVOjAZfK8msRn4BxO4VQ==",
            "peer": true,
            "requires": {
                "sourcemap-codec": "^1.4.8"
            }
        },
        "nanoid": {
            "version": "3.3.1",
            "resolved": "https://registry.npmjs.org/nanoid/-/nanoid-3.3.1.tgz",
            "integrity": "sha512-n6Vs/3KGyxPQd6uO0eH4Bv0ojGSUvuLlIHtC3Y0kEO23YRge8H9x1GCzLn28YX0H66pMkxuaeESFq4tKISKwdw==",
            "peer": true
        },
        "picocolors": {
            "version": "1.0.0",
            "resolved": "https://registry.npmjs.org/picocolors/-/picocolors-1.0.0.tgz",
            "integrity": "sha512-1fygroTLlHu66zi26VoTDv8yRgm0Fccecssto+MhsZ0D/DGW2sm8E8AjW7NU5VVTRt5GxbeZ5qBuJr+HyLYkjQ==",
            "peer": true
        },
        "postcss": {
            "version": "8.4.8",
            "resolved": "https://registry.npmjs.org/postcss/-/postcss-8.4.8.tgz",
            "integrity": "sha512-2tXEqGxrjvAO6U+CJzDL2Fk2kPHTv1jQsYkSoMeOis2SsYaXRO2COxTdQp99cYvif9JTXaAk9lYGc3VhJt7JPQ==",
            "peer": true,
            "requires": {
                "nanoid": "^3.3.1",
                "picocolors": "^1.0.0",
                "source-map-js": "^1.0.2"
            }
        },
        "regenerator-runtime": {
            "version": "0.13.9",
            "resolved": "https://registry.npmjs.org/regenerator-runtime/-/regenerator-runtime-0.13.9.tgz",
            "integrity": "sha512-p3VT+cOEgxFsRRA9X4lkI1E+k2/CtnKtU4gcxyaCUreilL/vqI6CdZ3wxVUx3UOUg+gnUOQQcRI7BmSI656MYA==",
            "peer": true
        },
        "source-map": {
            "version": "0.6.1",
            "resolved": "https://registry.npmjs.org/source-map/-/source-map-0.6.1.tgz",
            "integrity": "sha512-UjgapumWlbMhkBgzT7Ykc5YXUT46F0iKu8SGXq0bcwP5dz/h0Plj6enJqjz1Zbq2l5WaqYnrVbwWOWMyF3F47g==",
            "peer": true
        },
        "source-map-js": {
            "version": "1.0.2",
            "resolved": "https://registry.npmjs.org/source-map-js/-/source-map-js-1.0.2.tgz",
            "integrity": "sha512-R0XvVJ9WusLiqTCEiGCmICCMplcCkIwwR11mOSD9CR5u+IXYdiseeEuXCVAjS54zqwkLcPNnmU4OeJ6tUrWhDw==",
            "peer": true
        },
        "sourcemap-codec": {
            "version": "1.4.8",
            "resolved": "https://registry.npmjs.org/sourcemap-codec/-/sourcemap-codec-1.4.8.tgz",
            "integrity": "sha512-9NykojV5Uih4lgo5So5dtw+f0JgJX30KCNI8gwhz2J9A15wD0Ml6tjHKwf6fTSa6fAdVBdZeNOs9eJ71qCk8vA==",
            "peer": true
        },
        "to-fast-properties": {
            "version": "2.0.0",
            "resolved": "https://registry.npmjs.org/to-fast-properties/-/to-fast-properties-2.0.0.tgz",
            "integrity": "sha1-3F5pjL0HkmW8c+A3doGk5Og/YW4=",
            "dev": true
        },
        "typescript": {
            "version": "4.6.2",
            "resolved": "https://registry.npmjs.org/typescript/-/typescript-4.6.2.tgz",
            "integrity": "sha512-HM/hFigTBHZhLXshn9sN37H085+hQGeJHJ/X7LpBWLID/fbc2acUMfU+lGD98X81sKP+pFa9f0DZmCwB9GnbAg==",
            "dev": true
        },
        "vue": {
            "version": "3.2.31",
            "resolved": "https://registry.npmjs.org/vue/-/vue-3.2.31.tgz",
            "integrity": "sha512-odT3W2tcffTiQCy57nOT93INw1auq5lYLLYtWpPYQQYQOOdHiqFct9Xhna6GJ+pJQaF67yZABraH47oywkJgFw==",
            "peer": true,
            "requires": {
                "@vue/compiler-dom": "3.2.31",
                "@vue/compiler-sfc": "3.2.31",
                "@vue/runtime-dom": "3.2.31",
                "@vue/server-renderer": "3.2.31",
                "@vue/shared": "3.2.31"
            }
        }
    }
}
